
Microsoft Visual Studio Solution File, Format Version 12.00
# Visual Studio Version 16
VisualStudioVersion = 16.0.32126.315
MinimumVisualStudioVersion = 10.0.40219.1
Project("{8BC9CEB8-8B4A-11D0-8D11-00A0C91BC942}") = "G1066_S14", "G1066_S14.vcxproj", "{89E8E1DE-30F4-483E-9E39-486303BACF69}"
EndProject
Global
	GlobalSection(SolutionConfigurationPlatforms) = preSolution
		Debug|x64 = Debug|x64
		Debug|x86 = Debug|x86
		Release|x64 = Release|x64
		Release|x86 = Release|x86
	EndGlobalSection
	GlobalSection(ProjectConfigurationPlatforms) = postSolution
		{89E8E1DE-30F4-483E-9E39-486303BACF69}.Debug|x64.ActiveCfg = Debug|x64
		{89E8E1DE-30F4-483E-9E39-486303BACF69}.Debug|x64.Build.0 = Debug|x64
		{89E8E1DE-30F4-483E-9E39-486303BACF69}.Debug|x86.ActiveCfg = Debug|Win32
		{89E8E1DE-30F4-483E-9E39-486303BACF69}.Debug|x86.Build.0 = Debug|Win32
		{89E8E1DE-30F4-483E-9E39-486303BACF69}.Release|x64.ActiveCfg = Release|x64
		{89E8E1DE-30F4-483E-9E39-486303BACF69}.Release|x64.Build.0 = Release|x64
		{89E8E1DE-30F4-483E-9E39-486303BACF69}.Release|x86.ActiveCfg = Release|Win32
		{89E8E1DE-30F4-483E-9E39-486303BACF69}.Release|x86.Build.0 = Release|Win32
	EndGlobalSection
	GlobalSection(SolutionProperties) = preSolution
		HideSolutionNode = FALSE
	EndGlobalSection
	GlobalSection(ExtensibilityGlobals) = postSolution
		SolutionGuid = {EB1590A2-5904-473D-B53D-6C1A28A5418A}
	EndGlobalSection
EndGlobal
