
Microsoft Visual Studio Solution File, Format Version 12.00
# Visual Studio Version 16
VisualStudioVersion = 16.0.32126.315
MinimumVisualStudioVersion = 10.0.40219.1
Project("{8BC9CEB8-8B4A-11D0-8D11-00A0C91BC942}") = "G1065_S09", "G1065_S09.vcxproj", "{D222D8E6-7E04-4542-A475-4AEA0F9ACEB8}"
EndProject
Global
	GlobalSection(SolutionConfigurationPlatforms) = preSolution
		Debug|x64 = Debug|x64
		Debug|x86 = Debug|x86
		Release|x64 = Release|x64
		Release|x86 = Release|x86
	EndGlobalSection
	GlobalSection(ProjectConfigurationPlatforms) = postSolution
		{D222D8E6-7E04-4542-A475-4AEA0F9ACEB8}.Debug|x64.ActiveCfg = Debug|x64
		{D222D8E6-7E04-4542-A475-4AEA0F9ACEB8}.Debug|x64.Build.0 = Debug|x64
		{D222D8E6-7E04-4542-A475-4AEA0F9ACEB8}.Debug|x86.ActiveCfg = Debug|Win32
		{D222D8E6-7E04-4542-A475-4AEA0F9ACEB8}.Debug|x86.Build.0 = Debug|Win32
		{D222D8E6-7E04-4542-A475-4AEA0F9ACEB8}.Release|x64.ActiveCfg = Release|x64
		{D222D8E6-7E04-4542-A475-4AEA0F9ACEB8}.Release|x64.Build.0 = Release|x64
		{D222D8E6-7E04-4542-A475-4AEA0F9ACEB8}.Release|x86.ActiveCfg = Release|Win32
		{D222D8E6-7E04-4542-A475-4AEA0F9ACEB8}.Release|x86.Build.0 = Release|Win32
	EndGlobalSection
	GlobalSection(SolutionProperties) = preSolution
		HideSolutionNode = FALSE
	EndGlobalSection
	GlobalSection(ExtensibilityGlobals) = postSolution
		SolutionGuid = {83A1FE7E-3E22-4040-9A06-DC3C43EE2EF7}
	EndGlobalSection
EndGlobal
