
Microsoft Visual Studio Solution File, Format Version 12.00
# Visual Studio Version 16
VisualStudioVersion = 16.0.32126.315
MinimumVisualStudioVersion = 10.0.40219.1
Project("{8BC9CEB8-8B4A-11D0-8D11-00A0C91BC942}") = "G1066_S01", "G1066_S01.vcxproj", "{8DABF2BB-7E13-4193-9C7A-65892BFD67FC}"
EndProject
Global
	GlobalSection(SolutionConfigurationPlatforms) = preSolution
		Debug|x64 = Debug|x64
		Debug|x86 = Debug|x86
		Release|x64 = Release|x64
		Release|x86 = Release|x86
	EndGlobalSection
	GlobalSection(ProjectConfigurationPlatforms) = postSolution
		{8DABF2BB-7E13-4193-9C7A-65892BFD67FC}.Debug|x64.ActiveCfg = Debug|x64
		{8DABF2BB-7E13-4193-9C7A-65892BFD67FC}.Debug|x64.Build.0 = Debug|x64
		{8DABF2BB-7E13-4193-9C7A-65892BFD67FC}.Debug|x86.ActiveCfg = Debug|Win32
		{8DABF2BB-7E13-4193-9C7A-65892BFD67FC}.Debug|x86.Build.0 = Debug|Win32
		{8DABF2BB-7E13-4193-9C7A-65892BFD67FC}.Release|x64.ActiveCfg = Release|x64
		{8DABF2BB-7E13-4193-9C7A-65892BFD67FC}.Release|x64.Build.0 = Release|x64
		{8DABF2BB-7E13-4193-9C7A-65892BFD67FC}.Release|x86.ActiveCfg = Release|Win32
		{8DABF2BB-7E13-4193-9C7A-65892BFD67FC}.Release|x86.Build.0 = Release|Win32
	EndGlobalSection
	GlobalSection(SolutionProperties) = preSolution
		HideSolutionNode = FALSE
	EndGlobalSection
	GlobalSection(ExtensibilityGlobals) = postSolution
		SolutionGuid = {08BB6C14-5B65-457E-AD0F-B49E7A1FC3A1}
	EndGlobalSection
EndGlobal
